// !$*UTF8*$!
{
	archiveVersion = 1;
	classes = {
	};
	objectVersion = 46;
	objects = {

/* Begin PBXBuildFile section */
		4F64EC871F55150000BD34B2 /* RoundImageView.swift in Sources */ = {isa = PBXBuildFile; fileRef = 4F64EC861F55150000BD34B2 /* RoundImageView.swift */; };
		4F64EC891F55170100BD34B2 /* RoundedShadowView.swift in Sources */ = {isa = PBXBuildFile; fileRef = 4F64EC881F55170100BD34B2 /* RoundedShadowView.swift */; };
		4F64EC8B1F5518E600BD34B2 /* CircleView.swift in Sources */ = {isa = PBXBuildFile; fileRef = 4F64EC8A1F5518E600BD34B2 /* CircleView.swift */; };
		4F64EC8D1F58C69A00BD34B2 /* RoundedShadowButton.swift in Sources */ = {isa = PBXBuildFile; fileRef = 4F64EC8C1F58C69A00BD34B2 /* RoundedShadowButton.swift */; };
		4F64EC8F1F58FB6D00BD34B2 /* LeftSidePanelVC.swift in Sources */ = {isa = PBXBuildFile; fileRef = 4F64EC8E1F58FB6D00BD34B2 /* LeftSidePanelVC.swift */; };
		4F64EC911F58FC3300BD34B2 /* ContainerVC.swift in Sources */ = {isa = PBXBuildFile; fileRef = 4F64EC901F58FC3300BD34B2 /* ContainerVC.swift */; };
		4F790B681F9EAB8600D01D14 /* LoginVC.swift in Sources */ = {isa = PBXBuildFile; fileRef = 4F790B671F9EAB8600D01D14 /* LoginVC.swift */; };
		4F790B6A1F9EBCFA00D01D14 /* RoundedCornerTextField.swift in Sources */ = {isa = PBXBuildFile; fileRef = 4F790B691F9EBCFA00D01D14 /* RoundedCornerTextField.swift */; };
		4F9AD10E1F68CA2200C09435 /* UIViewExt.swift in Sources */ = {isa = PBXBuildFile; fileRef = 4F9AD10D1F68CA2200C09435 /* UIViewExt.swift */; };
		4FC90E091F5CE869000CA24D /* CenterVCDelegate.swift in Sources */ = {isa = PBXBuildFile; fileRef = 4FC90E081F5CE869000CA24D /* CenterVCDelegate.swift */; };
		4FCF21211F4E6EFE00AC709F /* GradientView.swift in Sources */ = {isa = PBXBuildFile; fileRef = 4FCF21201F4E6EFE00AC709F /* GradientView.swift */; };
		4FEA1C291F4BDBA100659F0C /* AppDelegate.swift in Sources */ = {isa = PBXBuildFile; fileRef = 4FEA1C281F4BDBA100659F0C /* AppDelegate.swift */; };
		4FEA1C2B1F4BDBA100659F0C /* HomeVC.swift in Sources */ = {isa = PBXBuildFile; fileRef = 4FEA1C2A1F4BDBA100659F0C /* HomeVC.swift */; };
		4FEA1C2E1F4BDBA100659F0C /* Main.storyboard in Resources */ = {isa = PBXBuildFile; fileRef = 4FEA1C2C1F4BDBA100659F0C /* Main.storyboard */; };
		4FEA1C301F4BDBA100659F0C /* Assets.xcassets in Resources */ = {isa = PBXBuildFile; fileRef = 4FEA1C2F1F4BDBA100659F0C /* Assets.xcassets */; };
		4FEA1C331F4BDBA100659F0C /* LaunchScreen.storyboard in Resources */ = {isa = PBXBuildFile; fileRef = 4FEA1C311F4BDBA100659F0C /* LaunchScreen.storyboard */; };
		C6B9F0001EE663D8C77E3010 /* Pods_ridrridr.framework in Frameworks */ = {isa = PBXBuildFile; fileRef = DC41D3EE5AC1C6A732DB50B4 /* Pods_ridrridr.framework */; };
/* End PBXBuildFile section */

/* Begin PBXFileReference section */
		00E83CE3CF2FA4DB3E6CE37E /* Pods-ridrridr.debug.xcconfig */ = {isa = PBXFileReference; includeInIndex = 1; lastKnownFileType = text.xcconfig; name = "Pods-ridrridr.debug.xcconfig"; path = "Pods/Target Support Files/Pods-ridrridr/Pods-ridrridr.debug.xcconfig"; sourceTree = "<group>"; };
		086F2802FB3A2B726C576201 /* Pods-ridrridr.release.xcconfig */ = {isa = PBXFileReference; includeInIndex = 1; lastKnownFileType = text.xcconfig; name = "Pods-ridrridr.release.xcconfig"; path = "Pods/Target Support Files/Pods-ridrridr/Pods-ridrridr.release.xcconfig"; sourceTree = "<group>"; };
		4F64EC861F55150000BD34B2 /* RoundImageView.swift */ = {isa = PBXFileReference; fileEncoding = 4; lastKnownFileType = sourcecode.swift; path = RoundImageView.swift; sourceTree = "<group>"; };
		4F64EC881F55170100BD34B2 /* RoundedShadowView.swift */ = {isa = PBXFileReference; fileEncoding = 4; lastKnownFileType = sourcecode.swift; path = RoundedShadowView.swift; sourceTree = "<group>"; };
		4F64EC8A1F5518E600BD34B2 /* CircleView.swift */ = {isa = PBXFileReference; fileEncoding = 4; lastKnownFileType = sourcecode.swift; path = CircleView.swift; sourceTree = "<group>"; };
		4F64EC8C1F58C69A00BD34B2 /* RoundedShadowButton.swift */ = {isa = PBXFileReference; fileEncoding = 4; lastKnownFileType = sourcecode.swift; path = RoundedShadowButton.swift; sourceTree = "<group>"; };
		4F64EC8E1F58FB6D00BD34B2 /* LeftSidePanelVC.swift */ = {isa = PBXFileReference; fileEncoding = 4; lastKnownFileType = sourcecode.swift; path = LeftSidePanelVC.swift; sourceTree = "<group>"; };
		4F64EC901F58FC3300BD34B2 /* ContainerVC.swift */ = {isa = PBXFileReference; fileEncoding = 4; lastKnownFileType = sourcecode.swift; path = ContainerVC.swift; sourceTree = "<group>"; };
		4F790B671F9EAB8600D01D14 /* LoginVC.swift */ = {isa = PBXFileReference; lastKnownFileType = sourcecode.swift; path = LoginVC.swift; sourceTree = "<group>"; };
		4F790B691F9EBCFA00D01D14 /* RoundedCornerTextField.swift */ = {isa = PBXFileReference; lastKnownFileType = sourcecode.swift; path = RoundedCornerTextField.swift; sourceTree = "<group>"; };
		4F9AD10D1F68CA2200C09435 /* UIViewExt.swift */ = {isa = PBXFileReference; fileEncoding = 4; lastKnownFileType = sourcecode.swift; path = UIViewExt.swift; sourceTree = "<group>"; };
		4FC90E081F5CE869000CA24D /* CenterVCDelegate.swift */ = {isa = PBXFileReference; fileEncoding = 4; lastKnownFileType = sourcecode.swift; path = CenterVCDelegate.swift; sourceTree = "<group>"; };
		4FCF21201F4E6EFE00AC709F /* GradientView.swift */ = {isa = PBXFileReference; fileEncoding = 4; lastKnownFileType = sourcecode.swift; path = GradientView.swift; sourceTree = "<group>"; };
		4FEA1C251F4BDBA100659F0C /* ridrridr.app */ = {isa = PBXFileReference; explicitFileType = wrapper.application; includeInIndex = 0; path = ridrridr.app; sourceTree = BUILT_PRODUCTS_DIR; };
		4FEA1C281F4BDBA100659F0C /* AppDelegate.swift */ = {isa = PBXFileReference; lastKnownFileType = sourcecode.swift; path = AppDelegate.swift; sourceTree = "<group>"; };
		4FEA1C2A1F4BDBA100659F0C /* HomeVC.swift */ = {isa = PBXFileReference; lastKnownFileType = sourcecode.swift; path = HomeVC.swift; sourceTree = "<group>"; };
		4FEA1C2D1F4BDBA100659F0C /* Base */ = {isa = PBXFileReference; lastKnownFileType = file.storyboard; name = Base; path = Base.lproj/Main.storyboard; sourceTree = "<group>"; };
		4FEA1C2F1F4BDBA100659F0C /* Assets.xcassets */ = {isa = PBXFileReference; lastKnownFileType = folder.assetcatalog; path = Assets.xcassets; sourceTree = "<group>"; };
		4FEA1C321F4BDBA100659F0C /* Base */ = {isa = PBXFileReference; lastKnownFileType = file.storyboard; name = Base; path = Base.lproj/LaunchScreen.storyboard; sourceTree = "<group>"; };
		4FEA1C341F4BDBA100659F0C /* Info.plist */ = {isa = PBXFileReference; lastKnownFileType = text.plist.xml; path = Info.plist; sourceTree = "<group>"; };
		DC41D3EE5AC1C6A732DB50B4 /* Pods_ridrridr.framework */ = {isa = PBXFileReference; explicitFileType = wrapper.framework; includeInIndex = 0; path = Pods_ridrridr.framework; sourceTree = BUILT_PRODUCTS_DIR; };
/* End PBXFileReference section */

/* Begin PBXFrameworksBuildPhase section */
		4FEA1C221F4BDBA100659F0C /* Frameworks */ = {
			isa = PBXFrameworksBuildPhase;
			buildActionMask = 2147483647;
			files = (
				C6B9F0001EE663D8C77E3010 /* Pods_ridrridr.framework in Frameworks */,
			);
			runOnlyForDeploymentPostprocessing = 0;
		};
/* End PBXFrameworksBuildPhase section */

/* Begin PBXGroup section */
		179EC144FAC5961113881418 /* Pods */ = {
			isa = PBXGroup;
			children = (
				00E83CE3CF2FA4DB3E6CE37E /* Pods-ridrridr.debug.xcconfig */,
				086F2802FB3A2B726C576201 /* Pods-ridrridr.release.xcconfig */,
			);
			name = Pods;
			sourceTree = "<group>";
		};
		33F7894DD907465E4731520F /* Frameworks */ = {
			isa = PBXGroup;
			children = (
				DC41D3EE5AC1C6A732DB50B4 /* Pods_ridrridr.framework */,
			);
			name = Frameworks;
			sourceTree = "<group>";
		};
		4F9AD10C1F68C9F900C09435 /* Extensions */ = {
			isa = PBXGroup;
			children = (
				4F9AD10D1F68CA2200C09435 /* UIViewExt.swift */,
			);
			name = Extensions;
			sourceTree = "<group>";
		};
		4FC90E071F5CE840000CA24D /* Protocols */ = {
			isa = PBXGroup;
			children = (
				4FC90E081F5CE869000CA24D /* CenterVCDelegate.swift */,
			);
			name = Protocols;
			sourceTree = "<group>";
		};
		4FCF211D1F4E6E8100AC709F /* Controller */ = {
			isa = PBXGroup;
			children = (
				4FEA1C2A1F4BDBA100659F0C /* HomeVC.swift */,
				4F64EC8E1F58FB6D00BD34B2 /* LeftSidePanelVC.swift */,
				4F64EC901F58FC3300BD34B2 /* ContainerVC.swift */,
				4F790B671F9EAB8600D01D14 /* LoginVC.swift */,
			);
			name = Controller;
			sourceTree = "<group>";
		};
		4FCF211E1F4E6E8E00AC709F /* View */ = {
			isa = PBXGroup;
			children = (
				4FCF21201F4E6EFE00AC709F /* GradientView.swift */,
				4F64EC861F55150000BD34B2 /* RoundImageView.swift */,
				4F64EC881F55170100BD34B2 /* RoundedShadowView.swift */,
				4F64EC8A1F5518E600BD34B2 /* CircleView.swift */,
				4F64EC8C1F58C69A00BD34B2 /* RoundedShadowButton.swift */,
				4F790B691F9EBCFA00D01D14 /* RoundedCornerTextField.swift */,
			);
			name = View;
			sourceTree = "<group>";
		};
		4FCF211F1F4E6E9A00AC709F /* Model */ = {
			isa = PBXGroup;
			children = (
			);
			name = Model;
			sourceTree = "<group>";
		};
		4FEA1C1C1F4BDBA100659F0C = {
			isa = PBXGroup;
			children = (
				4FEA1C271F4BDBA100659F0C /* ridrridr */,
				4FEA1C261F4BDBA100659F0C /* Products */,
				179EC144FAC5961113881418 /* Pods */,
				33F7894DD907465E4731520F /* Frameworks */,
			);
			sourceTree = "<group>";
		};
		4FEA1C261F4BDBA100659F0C /* Products */ = {
			isa = PBXGroup;
			children = (
				4FEA1C251F4BDBA100659F0C /* ridrridr.app */,
			);
			name = Products;
			sourceTree = "<group>";
		};
		4FEA1C271F4BDBA100659F0C /* ridrridr */ = {
			isa = PBXGroup;
			children = (
				4F9AD10C1F68C9F900C09435 /* Extensions */,
				4FC90E071F5CE840000CA24D /* Protocols */,
				4FCF211F1F4E6E9A00AC709F /* Model */,
				4FCF211E1F4E6E8E00AC709F /* View */,
				4FCF211D1F4E6E8100AC709F /* Controller */,
				4FEA1C281F4BDBA100659F0C /* AppDelegate.swift */,
				4FEA1C2C1F4BDBA100659F0C /* Main.storyboard */,
				4FEA1C2F1F4BDBA100659F0C /* Assets.xcassets */,
				4FEA1C311F4BDBA100659F0C /* LaunchScreen.storyboard */,
				4FEA1C341F4BDBA100659F0C /* Info.plist */,
			);
			path = ridrridr;
			sourceTree = "<group>";
		};
/* End PBXGroup section */

/* Begin PBXNativeTarget section */
		4FEA1C241F4BDBA100659F0C /* ridrridr */ = {
			isa = PBXNativeTarget;
			buildConfigurationList = 4FEA1C371F4BDBA100659F0C /* Build configuration list for PBXNativeTarget "ridrridr" */;
			buildPhases = (
				2C449E8C7DAC022CD4F51270 /* [CP] Check Pods Manifest.lock */,
				4FEA1C211F4BDBA100659F0C /* Sources */,
				4FEA1C221F4BDBA100659F0C /* Frameworks */,
				4FEA1C231F4BDBA100659F0C /* Resources */,
				3274ED65937A838A641A3892 /* [CP] Embed Pods Frameworks */,
				0265ACB2A6CE19FCDD30916A /* [CP] Copy Pods Resources */,
			);
			buildRules = (
			);
			dependencies = (
			);
			name = ridrridr;
			productName = ridrridr;
			productReference = 4FEA1C251F4BDBA100659F0C /* ridrridr.app */;
			productType = "com.apple.product-type.application";
		};
/* End PBXNativeTarget section */

/* Begin PBXProject section */
		4FEA1C1D1F4BDBA100659F0C /* Project object */ = {
			isa = PBXProject;
			attributes = {
				LastSwiftUpdateCheck = 0830;
				LastUpgradeCheck = 0900;
				ORGANIZATIONNAME = "Paul DeFilippi";
				TargetAttributes = {
					4FEA1C241F4BDBA100659F0C = {
						CreatedOnToolsVersion = 8.3.3;
						DevelopmentTeam = V7Q65FMKJ4;
						LastSwiftMigration = 0900;
						ProvisioningStyle = Automatic;
					};
				};
			};
			buildConfigurationList = 4FEA1C201F4BDBA100659F0C /* Build configuration list for PBXProject "ridrridr" */;
			compatibilityVersion = "Xcode 3.2";
			developmentRegion = English;
			hasScannedForEncodings = 0;
			knownRegions = (
				en,
				Base,
			);
			mainGroup = 4FEA1C1C1F4BDBA100659F0C;
			productRefGroup = 4FEA1C261F4BDBA100659F0C /* Products */;
			projectDirPath = "";
			projectRoot = "";
			targets = (
				4FEA1C241F4BDBA100659F0C /* ridrridr */,
			);
		};
/* End PBXProject section */

/* Begin PBXResourcesBuildPhase section */
		4FEA1C231F4BDBA100659F0C /* Resources */ = {
			isa = PBXResourcesBuildPhase;
			buildActionMask = 2147483647;
			files = (
				4FEA1C331F4BDBA100659F0C /* LaunchScreen.storyboard in Resources */,
				4FEA1C301F4BDBA100659F0C /* Assets.xcassets in Resources */,
				4FEA1C2E1F4BDBA100659F0C /* Main.storyboard in Resources */,
			);
			runOnlyForDeploymentPostprocessing = 0;
		};
/* End PBXResourcesBuildPhase section */

/* Begin PBXShellScriptBuildPhase section */
		0265ACB2A6CE19FCDD30916A /* [CP] Copy Pods Resources */ = {
			isa = PBXShellScriptBuildPhase;
			buildActionMask = 2147483647;
			files = (
			);
			inputPaths = (
			);
			name = "[CP] Copy Pods Resources";
			outputPaths = (
			);
			runOnlyForDeploymentPostprocessing = 0;
			shellPath = /bin/sh;
			shellScript = "\"${SRCROOT}/Pods/Target Support Files/Pods-ridrridr/Pods-ridrridr-resources.sh\"\n";
			showEnvVarsInLog = 0;
		};
		2C449E8C7DAC022CD4F51270 /* [CP] Check Pods Manifest.lock */ = {
			isa = PBXShellScriptBuildPhase;
			buildActionMask = 2147483647;
			files = (
			);
			inputPaths = (
			);
			name = "[CP] Check Pods Manifest.lock";
			outputPaths = (
			);
			runOnlyForDeploymentPostprocessing = 0;
			shellPath = /bin/sh;
			shellScript = "diff \"${PODS_ROOT}/../Podfile.lock\" \"${PODS_ROOT}/Manifest.lock\" > /dev/null\nif [ $? != 0 ] ; then\n    # print error to STDERR\n    echo \"error: The sandbox is not in sync with the Podfile.lock. Run 'pod install' or update your CocoaPods installation.\" >&2\n    exit 1\nfi\n";
			showEnvVarsInLog = 0;
		};
		3274ED65937A838A641A3892 /* [CP] Embed Pods Frameworks */ = {
			isa = PBXShellScriptBuildPhase;
			buildActionMask = 2147483647;
			files = (
			);
			inputPaths = (
			);
			name = "[CP] Embed Pods Frameworks";
			outputPaths = (
			);
			runOnlyForDeploymentPostprocessing = 0;
			shellPath = /bin/sh;
			shellScript = "\"${SRCROOT}/Pods/Target Support Files/Pods-ridrridr/Pods-ridrridr-frameworks.sh\"\n";
			showEnvVarsInLog = 0;
		};
/* End PBXShellScriptBuildPhase section */

/* Begin PBXSourcesBuildPhase section */
		4FEA1C211F4BDBA100659F0C /* Sources */ = {
			isa = PBXSourcesBuildPhase;
			buildActionMask = 2147483647;
			files = (
				4FC90E091F5CE869000CA24D /* CenterVCDelegate.swift in Sources */,
				4F64EC8D1F58C69A00BD34B2 /* RoundedShadowButton.swift in Sources */,
				4F790B681F9EAB8600D01D14 /* LoginVC.swift in Sources */,
				4F64EC8F1F58FB6D00BD34B2 /* LeftSidePanelVC.swift in Sources */,
				4F64EC8B1F5518E600BD34B2 /* CircleView.swift in Sources */,
				4F64EC911F58FC3300BD34B2 /* ContainerVC.swift in Sources */,
				4F9AD10E1F68CA2200C09435 /* UIViewExt.swift in Sources */,
				4FEA1C2B1F4BDBA100659F0C /* HomeVC.swift in Sources */,
				4F64EC871F55150000BD34B2 /* RoundImageView.swift in Sources */,
				4F64EC891F55170100BD34B2 /* RoundedShadowView.swift in Sources */,
				4F790B6A1F9EBCFA00D01D14 /* RoundedCornerTextField.swift in Sources */,
				4FEA1C291F4BDBA100659F0C /* AppDelegate.swift in Sources */,
				4FCF21211F4E6EFE00AC709F /* GradientView.swift in Sources */,
			);
			runOnlyForDeploymentPostprocessing = 0;
		};
/* End PBXSourcesBuildPhase section */

/* Begin PBXVariantGroup section */
		4FEA1C2C1F4BDBA100659F0C /* Main.storyboard */ = {
			isa = PBXVariantGroup;
			children = (
				4FEA1C2D1F4BDBA100659F0C /* Base */,
			);
			name = Main.storyboard;
			sourceTree = "<group>";
		};
		4FEA1C311F4BDBA100659F0C /* LaunchScreen.storyboard */ = {
			isa = PBXVariantGroup;
			children = (
				4FEA1C321F4BDBA100659F0C /* Base */,
			);
			name = LaunchScreen.storyboard;
			sourceTree = "<group>";
		};
/* End PBXVariantGroup section */

/* Begin XCBuildConfiguration section */
		4FEA1C351F4BDBA100659F0C /* Debug */ = {
			isa = XCBuildConfiguration;
			buildSettings = {
				ALWAYS_SEARCH_USER_PATHS = NO;
				CLANG_ANALYZER_NONNULL = YES;
				CLANG_ANALYZER_NUMBER_OBJECT_CONVERSION = YES_AGGRESSIVE;
				CLANG_CXX_LANGUAGE_STANDARD = "gnu++0x";
				CLANG_CXX_LIBRARY = "libc++";
				CLANG_ENABLE_MODULES = YES;
				CLANG_ENABLE_OBJC_ARC = YES;
				CLANG_WARN_BLOCK_CAPTURE_AUTORELEASING = YES;
				CLANG_WARN_BOOL_CONVERSION = YES;
				CLANG_WARN_COMMA = YES;
				CLANG_WARN_CONSTANT_CONVERSION = YES;
				CLANG_WARN_DIRECT_OBJC_ISA_USAGE = YES_ERROR;
				CLANG_WARN_DOCUMENTATION_COMMENTS = YES;
				CLANG_WARN_EMPTY_BODY = YES;
				CLANG_WARN_ENUM_CONVERSION = YES;
				CLANG_WARN_INFINITE_RECURSION = YES;
				CLANG_WARN_INT_CONVERSION = YES;
				CLANG_WARN_NON_LITERAL_NULL_CONVERSION = YES;
				CLANG_WARN_OBJC_LITERAL_CONVERSION = YES;
				CLANG_WARN_OBJC_ROOT_CLASS = YES_ERROR;
				CLANG_WARN_RANGE_LOOP_ANALYSIS = YES;
				CLANG_WARN_STRICT_PROTOTYPES = YES;
				CLANG_WARN_SUSPICIOUS_MOVE = YES;
				CLANG_WARN_UNREACHABLE_CODE = YES;
				CLANG_WARN__DUPLICATE_METHOD_MATCH = YES;
				"CODE_SIGN_IDENTITY[sdk=iphoneos*]" = "iPhone Developer";
				COPY_PHASE_STRIP = NO;
				DEBUG_INFORMATION_FORMAT = dwarf;
				ENABLE_STRICT_OBJC_MSGSEND = YES;
				ENABLE_TESTABILITY = YES;
				GCC_C_LANGUAGE_STANDARD = gnu99;
				GCC_DYNAMIC_NO_PIC = NO;
				GCC_NO_COMMON_BLOCKS = YES;
				GCC_OPTIMIZATION_LEVEL = 0;
				GCC_PREPROCESSOR_DEFINITIONS = (
					"DEBUG=1",
					"$(inherited)",
				);
				GCC_WARN_64_TO_32_BIT_CONVERSION = YES;
				GCC_WARN_ABOUT_RETURN_TYPE = YES_ERROR;
				GCC_WARN_UNDECLARED_SELECTOR = YES;
				GCC_WARN_UNINITIALIZED_AUTOS = YES_AGGRESSIVE;
				GCC_WARN_UNUSED_FUNCTION = YES;
				GCC_WARN_UNUSED_VARIABLE = YES;
				IPHONEOS_DEPLOYMENT_TARGET = 10.3;
				MTL_ENABLE_DEBUG_INFO = YES;
				ONLY_ACTIVE_ARCH = YES;
				SDKROOT = iphoneos;
				SWIFT_ACTIVE_COMPILATION_CONDITIONS = DEBUG;
				SWIFT_OPTIMIZATION_LEVEL = "-Onone";
				TARGETED_DEVICE_FAMILY = "1,2";
			};
			name = Debug;
		};
		4FEA1C361F4BDBA100659F0C /* Release */ = {
			isa = XCBuildConfiguration;
			buildSettings = {
				ALWAYS_SEARCH_USER_PATHS = NO;
				CLANG_ANALYZER_NONNULL = YES;
				CLANG_ANALYZER_NUMBER_OBJECT_CONVERSION = YES_AGGRESSIVE;
				CLANG_CXX_LANGUAGE_STANDARD = "gnu++0x";
				CLANG_CXX_LIBRARY = "libc++";
				CLANG_ENABLE_MODULES = YES;
				CLANG_ENABLE_OBJC_ARC = YES;
				CLANG_WARN_BLOCK_CAPTURE_AUTORELEASING = YES;
				CLANG_WARN_BOOL_CONVERSION = YES;
				CLANG_WARN_COMMA = YES;
				CLANG_WARN_CONSTANT_CONVERSION = YES;
				CLANG_WARN_DIRECT_OBJC_ISA_USAGE = YES_ERROR;
				CLANG_WARN_DOCUMENTATION_COMMENTS = YES;
				CLANG_WARN_EMPTY_BODY = YES;
				CLANG_WARN_ENUM_CONVERSION = YES;
				CLANG_WARN_INFINITE_RECURSION = YES;
				CLANG_WARN_INT_CONVERSION = YES;
				CLANG_WARN_NON_LITERAL_NULL_CONVERSION = YES;
				CLANG_WARN_OBJC_LITERAL_CONVERSION = YES;
				CLANG_WARN_OBJC_ROOT_CLASS = YES_ERROR;
				CLANG_WARN_RANGE_LOOP_ANALYSIS = YES;
				CLANG_WARN_STRICT_PROTOTYPES = YES;
				CLANG_WARN_SUSPICIOUS_MOVE = YES;
				CLANG_WARN_UNREACHABLE_CODE = YES;
				CLANG_WARN__DUPLICATE_METHOD_MATCH = YES;
				"CODE_SIGN_IDENTITY[sdk=iphoneos*]" = "iPhone Developer";
				COPY_PHASE_STRIP = NO;
				DEBUG_INFORMATION_FORMAT = "dwarf-with-dsym";
				ENABLE_NS_ASSERTIONS = NO;
				ENABLE_STRICT_OBJC_MSGSEND = YES;
				GCC_C_LANGUAGE_STANDARD = gnu99;
				GCC_NO_COMMON_BLOCKS = YES;
				GCC_WARN_64_TO_32_BIT_CONVERSION = YES;
				GCC_WARN_ABOUT_RETURN_TYPE = YES_ERROR;
				GCC_WARN_UNDECLARED_SELECTOR = YES;
				GCC_WARN_UNINITIALIZED_AUTOS = YES_AGGRESSIVE;
				GCC_WARN_UNUSED_FUNCTION = YES;
				GCC_WARN_UNUSED_VARIABLE = YES;
				IPHONEOS_DEPLOYMENT_TARGET = 10.3;
				MTL_ENABLE_DEBUG_INFO = NO;
				SDKROOT = iphoneos;
				SWIFT_OPTIMIZATION_LEVEL = "-Owholemodule";
				TARGETED_DEVICE_FAMILY = "1,2";
				VALIDATE_PRODUCT = YES;
			};
			name = Release;
		};
		4FEA1C381F4BDBA100659F0C /* Debug */ = {
			isa = XCBuildConfiguration;
			baseConfigurationReference = 00E83CE3CF2FA4DB3E6CE37E /* Pods-ridrridr.debug.xcconfig */;
			buildSettings = {
				ALWAYS_EMBED_SWIFT_STANDARD_LIBRARIES = YES;
				ASSETCATALOG_COMPILER_APPICON_NAME = AppIcon;
				DEVELOPMENT_TEAM = V7Q65FMKJ4;
				INFOPLIST_FILE = ridrridr/Info.plist;
				LD_RUNPATH_SEARCH_PATHS = "$(inherited) @executable_path/Frameworks";
				PRODUCT_BUNDLE_IDENTIFIER = "Paul-DeFilippi.ridrridr";
				PRODUCT_NAME = "$(TARGET_NAME)";
				SWIFT_SWIFT3_OBJC_INFERENCE = On;
				SWIFT_VERSION = 4.0;
			};
			name = Debug;
		};
		4FEA1C391F4BDBA100659F0C /* Release */ = {
			isa = XCBuildConfiguration;
			baseConfigurationReference = 086F2802FB3A2B726C576201 /* Pods-ridrridr.release.xcconfig */;
			buildSettings = {
				ALWAYS_EMBED_SWIFT_STANDARD_LIBRARIES = YES;
				ASSETCATALOG_COMPILER_APPICON_NAME = AppIcon;
				DEVELOPMENT_TEAM = V7Q65FMKJ4;
				INFOPLIST_FILE = ridrridr/Info.plist;
				LD_RUNPATH_SEARCH_PATHS = "$(inherited) @executable_path/Frameworks";
				PRODUCT_BUNDLE_IDENTIFIER = "Paul-DeFilippi.ridrridr";
				PRODUCT_NAME = "$(TARGET_NAME)";
				SWIFT_SWIFT3_OBJC_INFERENCE = On;
				SWIFT_VERSION = 4.0;
			};
			name = Release;
		};
/* End XCBuildConfiguration section */

/* Begin XCConfigurationList section */
		4FEA1C201F4BDBA100659F0C /* Build configuration list for PBXProject "ridrridr" */ = {
			isa = XCConfigurationList;
			buildConfigurations = (
				4FEA1C351F4BDBA100659F0C /* Debug */,
				4FEA1C361F4BDBA100659F0C /* Release */,
			);
			defaultConfigurationIsVisible = 0;
			defaultConfigurationName = Release;
		};
		4FEA1C371F4BDBA100659F0C /* Build configuration list for PBXNativeTarget "ridrridr" */ = {
			isa = XCConfigurationList;
			buildConfigurations = (
				4FEA1C381F4BDBA100659F0C /* Debug */,
				4FEA1C391F4BDBA100659F0C /* Release */,
			);
			defaultConfigurationIsVisible = 0;
			defaultConfigurationName = Release;
		};
/* End XCConfigurationList section */
	};
	rootObject = 4FEA1C1D1F4BDBA100659F0C /* Project object */;
}
